
Microsoft Visual Studio Solution File, Format Version 11.00
# Visual Studio 2010
Project("{FAE04EC0-301F-11D3-BF4B-00C04F79EFBC}") = "DotNetArchitectureChecker", "DotNetArchitectureChecker\DotNetArchitectureChecker.csproj", "{FF14C674-9AC8-4658-8A89-C2EEAC3453F3}"
EndProject
Project("{FAE04EC0-301F-11D3-BF4B-00C04F79EFBC}") = "DotNetArchitectureCheckerTest", "DotNetArchitectureCheckerTest\DotNetArchitectureCheckerTest.csproj", "{88671B88-A572-458E-8A13-FDDB79A1C902}"
EndProject
Project("{FAE04EC0-301F-11D3-BF4B-00C04F79EFBC}") = "DotNetArchitectureCheckerTestAssembly", "DotNetArchitectureCheckerTestAssembly\DotNetArchitectureCheckerTestAssembly.csproj", "{12182557-4A79-4950-BEC5-735AA73FC3FF}"
EndProject
Project("{FAE04EC0-301F-11D3-BF4B-00C04F79EFBC}") = "DotNetArchitectureCheckerTestAssemblyÄÖÜß", "DotNetArchitectureCheckerTestAssemblyÄÖÜß\DotNetArchitectureCheckerTestAssemblyÄÖÜß.csproj", "{724AFB8E-E89C-4864-B9E1-274D177524FA}"
EndProject
Global
	GlobalSection(SolutionConfigurationPlatforms) = preSolution
		Debug|Any CPU = Debug|Any CPU
		Release|Any CPU = Release|Any CPU
	EndGlobalSection
	GlobalSection(ProjectConfigurationPlatforms) = postSolution
		{FF14C674-9AC8-4658-8A89-C2EEAC3453F3}.Debug|Any CPU.ActiveCfg = Debug|Any CPU
		{FF14C674-9AC8-4658-8A89-C2EEAC3453F3}.Debug|Any CPU.Build.0 = Debug|Any CPU
		{FF14C674-9AC8-4658-8A89-C2EEAC3453F3}.Release|Any CPU.ActiveCfg = Release|Any CPU
		{FF14C674-9AC8-4658-8A89-C2EEAC3453F3}.Release|Any CPU.Build.0 = Release|Any CPU
		{88671B88-A572-458E-8A13-FDDB79A1C902}.Debug|Any CPU.ActiveCfg = Debug|Any CPU
		{88671B88-A572-458E-8A13-FDDB79A1C902}.Debug|Any CPU.Build.0 = Debug|Any CPU
		{88671B88-A572-458E-8A13-FDDB79A1C902}.Release|Any CPU.ActiveCfg = Release|Any CPU
		{88671B88-A572-458E-8A13-FDDB79A1C902}.Release|Any CPU.Build.0 = Release|Any CPU
		{12182557-4A79-4950-BEC5-735AA73FC3FF}.Debug|Any CPU.ActiveCfg = Debug|Any CPU
		{12182557-4A79-4950-BEC5-735AA73FC3FF}.Debug|Any CPU.Build.0 = Debug|Any CPU
		{12182557-4A79-4950-BEC5-735AA73FC3FF}.Release|Any CPU.ActiveCfg = Release|Any CPU
		{12182557-4A79-4950-BEC5-735AA73FC3FF}.Release|Any CPU.Build.0 = Release|Any CPU
		{724AFB8E-E89C-4864-B9E1-274D177524FA}.Debug|Any CPU.ActiveCfg = Debug|Any CPU
		{724AFB8E-E89C-4864-B9E1-274D177524FA}.Debug|Any CPU.Build.0 = Debug|Any CPU
		{724AFB8E-E89C-4864-B9E1-274D177524FA}.Release|Any CPU.ActiveCfg = Release|Any CPU
		{724AFB8E-E89C-4864-B9E1-274D177524FA}.Release|Any CPU.Build.0 = Release|Any CPU
	EndGlobalSection
	GlobalSection(SolutionProperties) = preSolution
		HideSolutionNode = FALSE
	EndGlobalSection
EndGlobal
